
Microsoft Visual Studio Solution File, Format Version 12.00
# Visual Studio Version 17
VisualStudioVersion = 17.14.36408.4
MinimumVisualStudioVersion = 10.0.40219.1
Project("{FAE04EC0-301F-11D3-BF4B-00C04F79EFBC}") = "CoffeeCorner.API", "src\CoffeeCorner.API\CoffeeCorner.API.csproj", "{F5BB0419-7713-43AA-A2D5-00E54235D1C6}"
EndProject
Project("{2150E333-8FDC-42A3-9474-1A3956D46DE8}") = "src", "src", "{02EA681E-C7D8-13C7-8484-4AC65E1B71E8}"
EndProject
Project("{FAE04EC0-301F-11D3-BF4B-00C04F79EFBC}") = "CoffeeCorner.Infrastructure", "src\CoffeeCorner.Infrastructure\CoffeeCorner.Infrastructure.csproj", "{86CF088A-E612-4AD8-A2D0-BCE5C8EC4293}"
EndProject
Project("{2150E333-8FDC-42A3-9474-1A3956D46DE8}") = "tests", "tests", "{386D6112-0439-4CD0-B6A8-0823CA0B0ADF}"
EndProject
Project("{FAE04EC0-301F-11D3-BF4B-00C04F79EFBC}") = "CoffeeCorner.API.Tests", "tests\CoffeeCorner.API.Tests\CoffeeCorner.API.Tests.csproj", "{E808F91C-FE8D-449A-9CEB-065709C033BF}"
EndProject
Project("{FAE04EC0-301F-11D3-BF4B-00C04F79EFBC}") = "CoffeeCorner.Infrastructure.Tests", "tests\CoffeeCorner.Infrastructure.Tests\CoffeeCorner.Infrastructure.Tests.csproj", "{5E546F9E-CD39-4907-9C4F-2F00B5913339}"
EndProject
Project("{FAE04EC0-301F-11D3-BF4B-00C04F79EFBC}") = "CoffeeCorner.Identity", "src\CoffeeCorner.Identity\CoffeeCorner.Identity.csproj", "{02364EAD-4AE2-45B5-8F75-23D80FB70880}"
EndProject
Project("{2150E333-8FDC-42A3-9474-1A3956D46DE8}") = "Modules", "Modules", "{B95C66F1-D2F8-4EB6-96AC-CD5069117996}"
EndProject
Project("{2150E333-8FDC-42A3-9474-1A3956D46DE8}") = "BuildingBlocks", "BuildingBlocks", "{383EEECC-44D4-49FD-9A93-75409CDFB50F}"
EndProject
Project("{2150E333-8FDC-42A3-9474-1A3956D46DE8}") = "Catalog", "Catalog", "{6548C32D-70A6-4E12-926C-C00012DDFEE6}"
EndProject
Project("{2150E333-8FDC-42A3-9474-1A3956D46DE8}") = "Orders", "Orders", "{4D9B866E-EF23-47BB-89C0-A9EB4BFEA1A8}"
EndProject
Project("{2150E333-8FDC-42A3-9474-1A3956D46DE8}") = "Customers", "Customers", "{E69A756D-4604-4B62-91D0-EA23668CB420}"
EndProject
Project("{2150E333-8FDC-42A3-9474-1A3956D46DE8}") = "Basket", "Basket", "{F7C2AF61-6AF7-44B7-AD8E-E1DF4B9F9BC8}"
EndProject
Project("{FAE04EC0-301F-11D3-BF4B-00C04F79EFBC}") = "CoffeeCorner.Basket", "src\Modules\CoffeeCorner.Basket\CoffeeCorner.Basket.csproj", "{08F6E204-0BE9-4B4E-937C-2538942B162E}"
EndProject
Project("{FAE04EC0-301F-11D3-BF4B-00C04F79EFBC}") = "CoffeeCorner.Catalog", "src\Modules\CoffeeCorner.Catalog\CoffeeCorner.Catalog.csproj", "{B4EEF1E3-979D-4610-B936-222A3DA4AC9C}"
EndProject
Project("{FAE04EC0-301F-11D3-BF4B-00C04F79EFBC}") = "CoffeeCorner.Customers", "src\Modules\CoffeeCorner.Customers\CoffeeCorner.Customers.csproj", "{53CE852D-FA89-44A1-A752-D9437DE480A7}"
EndProject
Project("{FAE04EC0-301F-11D3-BF4B-00C04F79EFBC}") = "CoffeeCorner.Orders", "src\Modules\CoffeeCorner.Orders\CoffeeCorner.Orders.csproj", "{D8F19E35-8F07-4A11-B9B7-EDFB6A85EB32}"
EndProject
Project("{FAE04EC0-301F-11D3-BF4B-00C04F79EFBC}") = "CoffeeCorner.SharedKernel", "src\BuildingBlocks\CoffeeCorner.SharedKernel\CoffeeCorner.SharedKernel.csproj", "{967C990D-3E70-453D-A402-7A408096025F}"
EndProject
Project("{FAE04EC0-301F-11D3-BF4B-00C04F79EFBC}") = "CoffeeCorner.Application.Abstractions", "src\BuildingBlocks\CoffeeCorner.Application.Abstractions\CoffeeCorner.Application.Abstractions.csproj", "{972665B6-A6D9-494B-AA19-2BEFD8532B27}"
EndProject
Project("{2150E333-8FDC-42A3-9474-1A3956D46DE8}") = "ModulesTests", "ModulesTests", "{F9F0EA18-579F-4139-88CD-483601E44510}"
EndProject
Project("{FAE04EC0-301F-11D3-BF4B-00C04F79EFBC}") = "CoffeeCorner.Basket.Tests", "tests\ModulesTests\CoffeeCorner.Basket.Tests\CoffeeCorner.Basket.Tests.csproj", "{863E1A6E-1086-4F0B-90F7-6F88CCFB6F73}"
EndProject
Project("{FAE04EC0-301F-11D3-BF4B-00C04F79EFBC}") = "CoffeeCorner.Catalog.Tests", "tests\ModulesTests\CoffeeCorner.Catalog.Tests\CoffeeCorner.Catalog.Tests.csproj", "{A48E9DEF-35C5-4CA9-B2D6-54114E5AE935}"
EndProject
Project("{FAE04EC0-301F-11D3-BF4B-00C04F79EFBC}") = "CoffeeCorner.Customers.Tests", "tests\ModulesTests\CoffeeCorner.Customers.Tests\CoffeeCorner.Customers.Tests.csproj", "{CD421A14-FAD9-417D-8309-2999FD14215D}"
EndProject
Project("{FAE04EC0-301F-11D3-BF4B-00C04F79EFBC}") = "CoffeeCorner.Orders.Tests", "tests\ModulesTests\CoffeeCorner.Orders.Tests\CoffeeCorner.Orders.Tests.csproj", "{35B74A14-20A1-46BD-8E85-02C7E95B7C5E}"
EndProject
Global
	GlobalSection(SolutionConfigurationPlatforms) = preSolution
		Debug|Any CPU = Debug|Any CPU
		Release|Any CPU = Release|Any CPU
	EndGlobalSection
	GlobalSection(ProjectConfigurationPlatforms) = postSolution
		{F5BB0419-7713-43AA-A2D5-00E54235D1C6}.Debug|Any CPU.ActiveCfg = Debug|Any CPU
		{F5BB0419-7713-43AA-A2D5-00E54235D1C6}.Debug|Any CPU.Build.0 = Debug|Any CPU
		{F5BB0419-7713-43AA-A2D5-00E54235D1C6}.Release|Any CPU.ActiveCfg = Release|Any CPU
		{F5BB0419-7713-43AA-A2D5-00E54235D1C6}.Release|Any CPU.Build.0 = Release|Any CPU
		{86CF088A-E612-4AD8-A2D0-BCE5C8EC4293}.Debug|Any CPU.ActiveCfg = Debug|Any CPU
		{86CF088A-E612-4AD8-A2D0-BCE5C8EC4293}.Debug|Any CPU.Build.0 = Debug|Any CPU
		{86CF088A-E612-4AD8-A2D0-BCE5C8EC4293}.Release|Any CPU.ActiveCfg = Release|Any CPU
		{86CF088A-E612-4AD8-A2D0-BCE5C8EC4293}.Release|Any CPU.Build.0 = Release|Any CPU
		{E808F91C-FE8D-449A-9CEB-065709C033BF}.Debug|Any CPU.ActiveCfg = Debug|Any CPU
		{E808F91C-FE8D-449A-9CEB-065709C033BF}.Debug|Any CPU.Build.0 = Debug|Any CPU
		{E808F91C-FE8D-449A-9CEB-065709C033BF}.Release|Any CPU.ActiveCfg = Release|Any CPU
		{E808F91C-FE8D-449A-9CEB-065709C033BF}.Release|Any CPU.Build.0 = Release|Any CPU
		{5E546F9E-CD39-4907-9C4F-2F00B5913339}.Debug|Any CPU.ActiveCfg = Debug|Any CPU
		{5E546F9E-CD39-4907-9C4F-2F00B5913339}.Debug|Any CPU.Build.0 = Debug|Any CPU
		{5E546F9E-CD39-4907-9C4F-2F00B5913339}.Release|Any CPU.ActiveCfg = Release|Any CPU
		{5E546F9E-CD39-4907-9C4F-2F00B5913339}.Release|Any CPU.Build.0 = Release|Any CPU
		{02364EAD-4AE2-45B5-8F75-23D80FB70880}.Debug|Any CPU.ActiveCfg = Debug|Any CPU
		{02364EAD-4AE2-45B5-8F75-23D80FB70880}.Debug|Any CPU.Build.0 = Debug|Any CPU
		{02364EAD-4AE2-45B5-8F75-23D80FB70880}.Release|Any CPU.ActiveCfg = Release|Any CPU
		{02364EAD-4AE2-45B5-8F75-23D80FB70880}.Release|Any CPU.Build.0 = Release|Any CPU
		{08F6E204-0BE9-4B4E-937C-2538942B162E}.Debug|Any CPU.ActiveCfg = Debug|Any CPU
		{08F6E204-0BE9-4B4E-937C-2538942B162E}.Debug|Any CPU.Build.0 = Debug|Any CPU
		{08F6E204-0BE9-4B4E-937C-2538942B162E}.Release|Any CPU.ActiveCfg = Release|Any CPU
		{08F6E204-0BE9-4B4E-937C-2538942B162E}.Release|Any CPU.Build.0 = Release|Any CPU
		{B4EEF1E3-979D-4610-B936-222A3DA4AC9C}.Debug|Any CPU.ActiveCfg = Debug|Any CPU
		{B4EEF1E3-979D-4610-B936-222A3DA4AC9C}.Debug|Any CPU.Build.0 = Debug|Any CPU
		{B4EEF1E3-979D-4610-B936-222A3DA4AC9C}.Release|Any CPU.ActiveCfg = Release|Any CPU
		{B4EEF1E3-979D-4610-B936-222A3DA4AC9C}.Release|Any CPU.Build.0 = Release|Any CPU
		{53CE852D-FA89-44A1-A752-D9437DE480A7}.Debug|Any CPU.ActiveCfg = Debug|Any CPU
		{53CE852D-FA89-44A1-A752-D9437DE480A7}.Debug|Any CPU.Build.0 = Debug|Any CPU
		{53CE852D-FA89-44A1-A752-D9437DE480A7}.Release|Any CPU.ActiveCfg = Release|Any CPU
		{53CE852D-FA89-44A1-A752-D9437DE480A7}.Release|Any CPU.Build.0 = Release|Any CPU
		{D8F19E35-8F07-4A11-B9B7-EDFB6A85EB32}.Debug|Any CPU.ActiveCfg = Debug|Any CPU
		{D8F19E35-8F07-4A11-B9B7-EDFB6A85EB32}.Debug|Any CPU.Build.0 = Debug|Any CPU
		{D8F19E35-8F07-4A11-B9B7-EDFB6A85EB32}.Release|Any CPU.ActiveCfg = Release|Any CPU
		{D8F19E35-8F07-4A11-B9B7-EDFB6A85EB32}.Release|Any CPU.Build.0 = Release|Any CPU
		{967C990D-3E70-453D-A402-7A408096025F}.Debug|Any CPU.ActiveCfg = Debug|Any CPU
		{967C990D-3E70-453D-A402-7A408096025F}.Debug|Any CPU.Build.0 = Debug|Any CPU
		{967C990D-3E70-453D-A402-7A408096025F}.Release|Any CPU.ActiveCfg = Release|Any CPU
		{967C990D-3E70-453D-A402-7A408096025F}.Release|Any CPU.Build.0 = Release|Any CPU
		{972665B6-A6D9-494B-AA19-2BEFD8532B27}.Debug|Any CPU.ActiveCfg = Debug|Any CPU
		{972665B6-A6D9-494B-AA19-2BEFD8532B27}.Debug|Any CPU.Build.0 = Debug|Any CPU
		{972665B6-A6D9-494B-AA19-2BEFD8532B27}.Release|Any CPU.ActiveCfg = Release|Any CPU
		{972665B6-A6D9-494B-AA19-2BEFD8532B27}.Release|Any CPU.Build.0 = Release|Any CPU
		{863E1A6E-1086-4F0B-90F7-6F88CCFB6F73}.Debug|Any CPU.ActiveCfg = Debug|Any CPU
		{863E1A6E-1086-4F0B-90F7-6F88CCFB6F73}.Debug|Any CPU.Build.0 = Debug|Any CPU
		{863E1A6E-1086-4F0B-90F7-6F88CCFB6F73}.Release|Any CPU.ActiveCfg = Release|Any CPU
		{863E1A6E-1086-4F0B-90F7-6F88CCFB6F73}.Release|Any CPU.Build.0 = Release|Any CPU
		{A48E9DEF-35C5-4CA9-B2D6-54114E5AE935}.Debug|Any CPU.ActiveCfg = Debug|Any CPU
		{A48E9DEF-35C5-4CA9-B2D6-54114E5AE935}.Debug|Any CPU.Build.0 = Debug|Any CPU
		{A48E9DEF-35C5-4CA9-B2D6-54114E5AE935}.Release|Any CPU.ActiveCfg = Release|Any CPU
		{A48E9DEF-35C5-4CA9-B2D6-54114E5AE935}.Release|Any CPU.Build.0 = Release|Any CPU
		{CD421A14-FAD9-417D-8309-2999FD14215D}.Debug|Any CPU.ActiveCfg = Debug|Any CPU
		{CD421A14-FAD9-417D-8309-2999FD14215D}.Debug|Any CPU.Build.0 = Debug|Any CPU
		{CD421A14-FAD9-417D-8309-2999FD14215D}.Release|Any CPU.ActiveCfg = Release|Any CPU
		{CD421A14-FAD9-417D-8309-2999FD14215D}.Release|Any CPU.Build.0 = Release|Any CPU
		{35B74A14-20A1-46BD-8E85-02C7E95B7C5E}.Debug|Any CPU.ActiveCfg = Debug|Any CPU
		{35B74A14-20A1-46BD-8E85-02C7E95B7C5E}.Debug|Any CPU.Build.0 = Debug|Any CPU
		{35B74A14-20A1-46BD-8E85-02C7E95B7C5E}.Release|Any CPU.ActiveCfg = Release|Any CPU
		{35B74A14-20A1-46BD-8E85-02C7E95B7C5E}.Release|Any CPU.Build.0 = Release|Any CPU
	EndGlobalSection
	GlobalSection(SolutionProperties) = preSolution
		HideSolutionNode = FALSE
	EndGlobalSection
	GlobalSection(NestedProjects) = preSolution
		{F5BB0419-7713-43AA-A2D5-00E54235D1C6} = {02EA681E-C7D8-13C7-8484-4AC65E1B71E8}
		{86CF088A-E612-4AD8-A2D0-BCE5C8EC4293} = {02EA681E-C7D8-13C7-8484-4AC65E1B71E8}
		{E808F91C-FE8D-449A-9CEB-065709C033BF} = {386D6112-0439-4CD0-B6A8-0823CA0B0ADF}
		{5E546F9E-CD39-4907-9C4F-2F00B5913339} = {386D6112-0439-4CD0-B6A8-0823CA0B0ADF}
		{02364EAD-4AE2-45B5-8F75-23D80FB70880} = {02EA681E-C7D8-13C7-8484-4AC65E1B71E8}
		{B95C66F1-D2F8-4EB6-96AC-CD5069117996} = {02EA681E-C7D8-13C7-8484-4AC65E1B71E8}
		{383EEECC-44D4-49FD-9A93-75409CDFB50F} = {02EA681E-C7D8-13C7-8484-4AC65E1B71E8}
		{6548C32D-70A6-4E12-926C-C00012DDFEE6} = {B95C66F1-D2F8-4EB6-96AC-CD5069117996}
		{4D9B866E-EF23-47BB-89C0-A9EB4BFEA1A8} = {B95C66F1-D2F8-4EB6-96AC-CD5069117996}
		{E69A756D-4604-4B62-91D0-EA23668CB420} = {B95C66F1-D2F8-4EB6-96AC-CD5069117996}
		{F7C2AF61-6AF7-44B7-AD8E-E1DF4B9F9BC8} = {B95C66F1-D2F8-4EB6-96AC-CD5069117996}
		{08F6E204-0BE9-4B4E-937C-2538942B162E} = {F7C2AF61-6AF7-44B7-AD8E-E1DF4B9F9BC8}
		{B4EEF1E3-979D-4610-B936-222A3DA4AC9C} = {6548C32D-70A6-4E12-926C-C00012DDFEE6}
		{53CE852D-FA89-44A1-A752-D9437DE480A7} = {E69A756D-4604-4B62-91D0-EA23668CB420}
		{D8F19E35-8F07-4A11-B9B7-EDFB6A85EB32} = {4D9B866E-EF23-47BB-89C0-A9EB4BFEA1A8}
		{967C990D-3E70-453D-A402-7A408096025F} = {383EEECC-44D4-49FD-9A93-75409CDFB50F}
		{972665B6-A6D9-494B-AA19-2BEFD8532B27} = {383EEECC-44D4-49FD-9A93-75409CDFB50F}
		{F9F0EA18-579F-4139-88CD-483601E44510} = {386D6112-0439-4CD0-B6A8-0823CA0B0ADF}
		{863E1A6E-1086-4F0B-90F7-6F88CCFB6F73} = {F9F0EA18-579F-4139-88CD-483601E44510}
		{A48E9DEF-35C5-4CA9-B2D6-54114E5AE935} = {F9F0EA18-579F-4139-88CD-483601E44510}
		{CD421A14-FAD9-417D-8309-2999FD14215D} = {F9F0EA18-579F-4139-88CD-483601E44510}
		{35B74A14-20A1-46BD-8E85-02C7E95B7C5E} = {F9F0EA18-579F-4139-88CD-483601E44510}
	EndGlobalSection
	GlobalSection(ExtensibilityGlobals) = postSolution
		SolutionGuid = {24597235-EF29-4909-97E9-74E267D440EA}
	EndGlobalSection
EndGlobal
